
Microsoft Visual Studio Solution File, Format Version 12.00
# Visual Studio 15
VisualStudioVersion = 15.0.28307.421
MinimumVisualStudioVersion = 10.0.40219.1
Project("{FAE04EC0-301F-11D3-BF4B-00C04F79EFBC}") = "FundamentalAPI", "FundamentalAPI\FundamentalAPI.csproj", "{5FFEB2D9-B186-4DC0-A343-69DDA1E8E613}"
EndProject
Project("{FAE04EC0-301F-11D3-BF4B-00C04F79EFBC}") = "FundamentalService", "FundamentalService\FundamentalService.csproj", "{7C1FBFA9-A195-41EA-809B-1ACDFCA2DD90}"
EndProject
Global
	GlobalSection(SolutionConfigurationPlatforms) = preSolution
		Debug|Any CPU = Debug|Any CPU
		Release|Any CPU = Release|Any CPU
	EndGlobalSection
	GlobalSection(ProjectConfigurationPlatforms) = postSolution
		{5FFEB2D9-B186-4DC0-A343-69DDA1E8E613}.Debug|Any CPU.ActiveCfg = Debug|Any CPU
		{5FFEB2D9-B186-4DC0-A343-69DDA1E8E613}.Debug|Any CPU.Build.0 = Debug|Any CPU
		{5FFEB2D9-B186-4DC0-A343-69DDA1E8E613}.Release|Any CPU.ActiveCfg = Release|Any CPU
		{5FFEB2D9-B186-4DC0-A343-69DDA1E8E613}.Release|Any CPU.Build.0 = Release|Any CPU
		{7C1FBFA9-A195-41EA-809B-1ACDFCA2DD90}.Debug|Any CPU.ActiveCfg = Debug|Any CPU
		{7C1FBFA9-A195-41EA-809B-1ACDFCA2DD90}.Debug|Any CPU.Build.0 = Debug|Any CPU
		{7C1FBFA9-A195-41EA-809B-1ACDFCA2DD90}.Release|Any CPU.ActiveCfg = Release|Any CPU
		{7C1FBFA9-A195-41EA-809B-1ACDFCA2DD90}.Release|Any CPU.Build.0 = Release|Any CPU
	EndGlobalSection
	GlobalSection(SolutionProperties) = preSolution
		HideSolutionNode = FALSE
	EndGlobalSection
	GlobalSection(ExtensibilityGlobals) = postSolution
		SolutionGuid = {ABE354F3-00EE-4458-9141-40BD980D8FDF}
	EndGlobalSection
EndGlobal
